Microsoft Visual Studio Solution File, Format Version 12.00
# Visual Studio 2013
VisualStudioVersion = 12.0.31101.0
MinimumVisualStudioVersion = 10.0.40219.1
Project("{FAE04EC0-301F-11D3-BF4B-00C04F79EFBC}") = "HaRepackerLib", "HaRepackerLib\HaRepackerLib.csproj", "{B68C971F-4B8A-44A3-88D0-6213D1A512E7}"
	ProjectSection(ProjectDependencies) = postProject
		{470A9164-29CA-4C02-8DA5-13C9A766A4FE} = {470A9164-29CA-4C02-8DA5-13C9A766A4FE}
	EndProjectSection
EndProject
Project("{FAE04EC0-301F-11D3-BF4B-00C04F79EFBC}") = "MapleLib", "MapleLib\MapleLib.csproj", "{28AAB36D-942E-4476-A000-0E9DE380F390}"
EndProject
Project("{FAE04EC0-301F-11D3-BF4B-00C04F79EFBC}") = "HaCreator", "HaCreator\HaCreator.csproj", "{679DD557-5E1E-447E-B48C-0F082E5FB1F4}"
	ProjectSection(ProjectDependencies) = postProject
		{470A9164-29CA-4C02-8DA5-13C9A766A4FE} = {470A9164-29CA-4C02-8DA5-13C9A766A4FE}
		{C75532C4-765B-418E-B09B-46D36B2ABDB1} = {C75532C4-765B-418E-B09B-46D36B2ABDB1}
	EndProjectSection
EndProject
Project("{FAE04EC0-301F-11D3-BF4B-00C04F79EFBC}") = "NAudio", "NAudio\NAudio\NAudio.csproj", "{DA4F02E3-0B5E-42CD-B8D9-5583FA51D66E}"
EndProject
Project("{8BC9CEB8-8B4A-11D0-8D11-00A0C91BC942}") = "apng", "libapng\apng.vcxproj", "{470A9164-29CA-4C02-8DA5-13C9A766A4FE}"
EndProject
Project("{FAE04EC0-301F-11D3-BF4B-00C04F79EFBC}") = "HaRepacker", "HaRepacker\HaRepacker.csproj", "{0B7155EF-1EB0-4FAE-BA56-8064CBAF2BEA}"
EndProject
Project("{FAE04EC0-301F-11D3-BF4B-00C04F79EFBC}") = "WinFormsUI", "dockpanelsuite\WinFormsUI\WinFormsUI.csproj", "{C75532C4-765B-418E-B09B-46D36B2ABDB1}"
EndProject
Global
	GlobalSection(SolutionConfigurationPlatforms) = preSolution
		Debug|x64 = Debug|x64
		Debug|x86 = Debug|x86
		Release|x64 = Release|x64
		Release|x86 = Release|x86
	EndGlobalSection
	GlobalSection(ProjectConfigurationPlatforms) = postSolution
		{B68C971F-4B8A-44A3-88D0-6213D1A512E7}.Debug|x64.ActiveCfg = Debug|Any CPU
		{B68C971F-4B8A-44A3-88D0-6213D1A512E7}.Debug|x64.Build.0 = Debug|Any CPU
		{B68C971F-4B8A-44A3-88D0-6213D1A512E7}.Debug|x86.ActiveCfg = Debug|Any CPU
		{B68C971F-4B8A-44A3-88D0-6213D1A512E7}.Debug|x86.Build.0 = Debug|Any CPU
		{B68C971F-4B8A-44A3-88D0-6213D1A512E7}.Release|x64.ActiveCfg = Release|x64
		{B68C971F-4B8A-44A3-88D0-6213D1A512E7}.Release|x64.Build.0 = Release|x64
		{B68C971F-4B8A-44A3-88D0-6213D1A512E7}.Release|x86.ActiveCfg = Release|x86
		{B68C971F-4B8A-44A3-88D0-6213D1A512E7}.Release|x86.Build.0 = Release|x86
		{28AAB36D-942E-4476-A000-0E9DE380F390}.Debug|x64.ActiveCfg = Debug|Any CPU
		{28AAB36D-942E-4476-A000-0E9DE380F390}.Debug|x64.Build.0 = Debug|Any CPU
		{28AAB36D-942E-4476-A000-0E9DE380F390}.Debug|x86.ActiveCfg = Debug|Any CPU
		{28AAB36D-942E-4476-A000-0E9DE380F390}.Debug|x86.Build.0 = Debug|Any CPU
		{28AAB36D-942E-4476-A000-0E9DE380F390}.Release|x64.ActiveCfg = Release|x64
		{28AAB36D-942E-4476-A000-0E9DE380F390}.Release|x64.Build.0 = Release|x64
		{28AAB36D-942E-4476-A000-0E9DE380F390}.Release|x86.ActiveCfg = Release|x86
		{28AAB36D-942E-4476-A000-0E9DE380F390}.Release|x86.Build.0 = Release|x86
		{679DD557-5E1E-447E-B48C-0F082E5FB1F4}.Debug|x64.ActiveCfg = Debug|Any CPU
		{679DD557-5E1E-447E-B48C-0F082E5FB1F4}.Debug|x64.Build.0 = Debug|Any CPU
		{679DD557-5E1E-447E-B48C-0F082E5FB1F4}.Debug|x86.ActiveCfg = Debug|Any CPU
		{679DD557-5E1E-447E-B48C-0F082E5FB1F4}.Debug|x86.Build.0 = Debug|Any CPU
		{679DD557-5E1E-447E-B48C-0F082E5FB1F4}.Release|x64.ActiveCfg = Release|x64
		{679DD557-5E1E-447E-B48C-0F082E5FB1F4}.Release|x64.Build.0 = Release|x64
		{679DD557-5E1E-447E-B48C-0F082E5FB1F4}.Release|x86.ActiveCfg = Release|x86
		{679DD557-5E1E-447E-B48C-0F082E5FB1F4}.Release|x86.Build.0 = Release|x86
		{DA4F02E3-0B5E-42CD-B8D9-5583FA51D66E}.Debug|x64.ActiveCfg = Debug|Any CPU
		{DA4F02E3-0B5E-42CD-B8D9-5583FA51D66E}.Debug|x64.Build.0 = Debug|Any CPU
		{DA4F02E3-0B5E-42CD-B8D9-5583FA51D66E}.Debug|x86.ActiveCfg = Debug|Any CPU
		{DA4F02E3-0B5E-42CD-B8D9-5583FA51D66E}.Debug|x86.Build.0 = Debug|Any CPU
		{DA4F02E3-0B5E-42CD-B8D9-5583FA51D66E}.Release|x64.ActiveCfg = Release|Any CPU
		{DA4F02E3-0B5E-42CD-B8D9-5583FA51D66E}.Release|x64.Build.0 = Release|Any CPU
		{DA4F02E3-0B5E-42CD-B8D9-5583FA51D66E}.Release|x86.ActiveCfg = Release|Any CPU
		{DA4F02E3-0B5E-42CD-B8D9-5583FA51D66E}.Release|x86.Build.0 = Release|Any CPU
		{470A9164-29CA-4C02-8DA5-13C9A766A4FE}.Debug|x64.ActiveCfg = Debug|x64
		{470A9164-29CA-4C02-8DA5-13C9A766A4FE}.Debug|x64.Build.0 = Debug|x64
		{470A9164-29CA-4C02-8DA5-13C9A766A4FE}.Debug|x86.ActiveCfg = Debug|Win32
		{470A9164-29CA-4C02-8DA5-13C9A766A4FE}.Debug|x86.Build.0 = Debug|Win32
		{470A9164-29CA-4C02-8DA5-13C9A766A4FE}.Release|x64.ActiveCfg = Release|x64
		{470A9164-29CA-4C02-8DA5-13C9A766A4FE}.Release|x64.Build.0 = Release|x64
		{470A9164-29CA-4C02-8DA5-13C9A766A4FE}.Release|x86.ActiveCfg = Release|Win32
		{470A9164-29CA-4C02-8DA5-13C9A766A4FE}.Release|x86.Build.0 = Release|Win32
		{0B7155EF-1EB0-4FAE-BA56-8064CBAF2BEA}.Debug|x64.ActiveCfg = Debug|Any CPU
		{0B7155EF-1EB0-4FAE-BA56-8064CBAF2BEA}.Debug|x64.Build.0 = Debug|Any CPU
		{0B7155EF-1EB0-4FAE-BA56-8064CBAF2BEA}.Debug|x86.ActiveCfg = Debug|Any CPU
		{0B7155EF-1EB0-4FAE-BA56-8064CBAF2BEA}.Debug|x86.Build.0 = Debug|Any CPU
		{0B7155EF-1EB0-4FAE-BA56-8064CBAF2BEA}.Release|x64.ActiveCfg = Release|x64
		{0B7155EF-1EB0-4FAE-BA56-8064CBAF2BEA}.Release|x64.Build.0 = Release|x64
		{0B7155EF-1EB0-4FAE-BA56-8064CBAF2BEA}.Release|x86.ActiveCfg = Release|x86
		{0B7155EF-1EB0-4FAE-BA56-8064CBAF2BEA}.Release|x86.Build.0 = Release|x86
		{C75532C4-765B-418E-B09B-46D36B2ABDB1}.Debug|x64.ActiveCfg = Debug|Any CPU
		{C75532C4-765B-418E-B09B-46D36B2ABDB1}.Debug|x64.Build.0 = Debug|Any CPU
		{C75532C4-765B-418E-B09B-46D36B2ABDB1}.Debug|x86.ActiveCfg = Debug|Any CPU
		{C75532C4-765B-418E-B09B-46D36B2ABDB1}.Debug|x86.Build.0 = Debug|Any CPU
		{C75532C4-765B-418E-B09B-46D36B2ABDB1}.Release|x64.ActiveCfg = Release|Any CPU
		{C75532C4-765B-418E-B09B-46D36B2ABDB1}.Release|x64.Build.0 = Release|Any CPU
		{C75532C4-765B-418E-B09B-46D36B2ABDB1}.Release|x86.ActiveCfg = Release|Any CPU
		{C75532C4-765B-418E-B09B-46D36B2ABDB1}.Release|x86.Build.0 = Release|Any CPU
	EndGlobalSection
	GlobalSection(SolutionProperties) = preSolution
		HideSolutionNode = FALSE
	EndGlobalSection
EndGlobal
